
Microsoft Visual Studio Solution File, Format Version 12.00
# Visual Studio Version 17
VisualStudioVersion = 17.6.33815.320
MinimumVisualStudioVersion = 10.0.40219.1
Project("{FAE04EC0-301F-11D3-BF4B-00C04F79EFBC}") = "Asignment-backend", "Asignment-backend\Asignment-backend.csproj", "{40652DF1-966C-4076-B3D5-EBDED68C0383}"
EndProject
Global
	GlobalSection(SolutionConfigurationPlatforms) = preSolution
		Debug|Any CPU = Debug|Any CPU
		Release|Any CPU = Release|Any CPU
	EndGlobalSection
	GlobalSection(ProjectConfigurationPlatforms) = postSolution
		{40652DF1-966C-4076-B3D5-EBDED68C0383}.Debug|Any CPU.ActiveCfg = Debug|Any CPU
		{40652DF1-966C-4076-B3D5-EBDED68C0383}.Debug|Any CPU.Build.0 = Debug|Any CPU
		{40652DF1-966C-4076-B3D5-EBDED68C0383}.Release|Any CPU.ActiveCfg = Release|Any CPU
		{40652DF1-966C-4076-B3D5-EBDED68C0383}.Release|Any CPU.Build.0 = Release|Any CPU
	EndGlobalSection
	GlobalSection(SolutionProperties) = preSolution
		HideSolutionNode = FALSE
	EndGlobalSection
	GlobalSection(ExtensibilityGlobals) = postSolution
		SolutionGuid = {2AA09A66-B0FD-4D6C-887E-7737A9874A9F}
	EndGlobalSection
EndGlobal
